NeoBundleLock AnsiEsc.vim d2bb7878622e4c16203acf1c92a0f4bc7ac58003
NeoBundleLock neobundle.vim c5c33289b927d2957b5ab96042994f33346b94b7
NeoBundleLock neomru.vim 24f9185ca019f3b8f4896929c6bf5148f982f344
NeoBundleLock nerdtree 3b98a7fcae8f9fff356907171f0406ff8cd28921
NeoBundleLock tcomment_vim 6972b5b4943599ae3024a5e36a9b0993c0e2d24c
NeoBundleLock unite-colorscheme 3aa33866a183f7659594a3f6b66b2334eaebc6a0
NeoBundleLock unite.vim 68a0485a9590ec7a587286d8ad5abb0208d39a4f
NeoBundleLock vim-airline f45ecdac15d99ed2354873a8b4d40432fd0a85a3
NeoBundleLock vim-endwise bba43b831ae0485cf9b86d16340a6a314b927391
NeoBundleLock vim-fugitive 0095769029709b531d2505ee6ad9907dd9bd72a0
NeoBundleLock vim-rails 981f8d790cbecd5bbbb907aa30a94f63b6aee041
NeoBundleLock vim-railscasts-theme b09adffc4f23dab82e9005c6f12635210485da8a
